
Microsoft Visual Studio Solution File, Format Version 12.00
# Visual Studio 15
VisualStudioVersion = 15.0.28307.168
MinimumVisualStudioVersion = 10.0.40219.1
Project("{FAE04EC0-301F-11D3-BF4B-00C04F79EFBC}") = "Cede_Dotnet_MVC", "Cede_Dotnet_MVC\Cede_Dotnet_MVC.csproj", "{A4F0A17D-77D1-4058-B677-B05EC546E6E2}"
EndProject
Project("{FAE04EC0-301F-11D3-BF4B-00C04F79EFBC}") = "Cede_Dotnet_MVC.Tests", "Cede_Dotnet_MVC.Tests\Cede_Dotnet_MVC.Tests.csproj", "{77EF0E32-F274-4BC1-AEA6-88F3A6AB3455}"
EndProject
Project("{FAE04EC0-301F-11D3-BF4B-00C04F79EFBC}") = "Cede_Dotnet_MVC_Empty", "Cede_Dotnet_MVC_Empty\Cede_Dotnet_MVC_Empty.csproj", "{48EC04B3-79D4-4DF2-A4EA-D9C9EB454673}"
EndProject
Global
	GlobalSection(SolutionConfigurationPlatforms) = preSolution
		Debug|Any CPU = Debug|Any CPU
		Release|Any CPU = Release|Any CPU
	EndGlobalSection
	GlobalSection(ProjectConfigurationPlatforms) = postSolution
		{A4F0A17D-77D1-4058-B677-B05EC546E6E2}.Debug|Any CPU.ActiveCfg = Debug|Any CPU
		{A4F0A17D-77D1-4058-B677-B05EC546E6E2}.Debug|Any CPU.Build.0 = Debug|Any CPU
		{A4F0A17D-77D1-4058-B677-B05EC546E6E2}.Release|Any CPU.ActiveCfg = Release|Any CPU
		{A4F0A17D-77D1-4058-B677-B05EC546E6E2}.Release|Any CPU.Build.0 = Release|Any CPU
		{77EF0E32-F274-4BC1-AEA6-88F3A6AB3455}.Debug|Any CPU.ActiveCfg = Debug|Any CPU
		{77EF0E32-F274-4BC1-AEA6-88F3A6AB3455}.Debug|Any CPU.Build.0 = Debug|Any CPU
		{77EF0E32-F274-4BC1-AEA6-88F3A6AB3455}.Release|Any CPU.ActiveCfg = Release|Any CPU
		{77EF0E32-F274-4BC1-AEA6-88F3A6AB3455}.Release|Any CPU.Build.0 = Release|Any CPU
		{48EC04B3-79D4-4DF2-A4EA-D9C9EB454673}.Debug|Any CPU.ActiveCfg = Debug|Any CPU
		{48EC04B3-79D4-4DF2-A4EA-D9C9EB454673}.Debug|Any CPU.Build.0 = Debug|Any CPU
		{48EC04B3-79D4-4DF2-A4EA-D9C9EB454673}.Release|Any CPU.ActiveCfg = Release|Any CPU
		{48EC04B3-79D4-4DF2-A4EA-D9C9EB454673}.Release|Any CPU.Build.0 = Release|Any CPU
	EndGlobalSection
	GlobalSection(SolutionProperties) = preSolution
		HideSolutionNode = FALSE
	EndGlobalSection
	GlobalSection(ExtensibilityGlobals) = postSolution
		SolutionGuid = {A4EEEA8D-E9F8-49F1-950A-970859AF8651}
	EndGlobalSection
EndGlobal
